<?xml version="1.0" encoding="utf-8"?>
<Project ToolsVersion="4.0" xmlns="http://schemas.microsoft.com/developer/msbuild/2003">
  <ItemGroup>
    <Filter Include="Source Files">
      <UniqueIdentifier>{4FC737F1-C7A5-4376-A066-2A32D752A2FF}</UniqueIdentifier>
      <Extensions>cpp;c;cc;cxx;c++;cppm;ixx;def;odl;idl;hpj;bat;asm;asmx</Extensions>
    </Filter>
    <Filter Include="Header Files">
      <UniqueIdentifier>{93995380-89BD-4b04-88EB-625FBE52EBFB}</UniqueIdentifier>
      <Extensions>h;hh;hpp;hxx;h++;hm;inl;inc;ipp;xsd</Extensions>
    </Filter>
    <Filter Include="Resource Files">
      <UniqueIdentifier>{67DA6AB6-F800-4c08-8B7A-83BB121AAD01}</UniqueIdentifier>
      <Extensions>rc;ico;cur;bmp;dlg;rc2;rct;bin;rgs;gif;jpg;jpeg;jpe;resx;tiff;tif;png;wav;mfcribbon-ms</Extensions>
    </Filter>
    <Filter Include="Source Files\Engine">
      <UniqueIdentifier>{22296164-0d8d-406b-aa68-a9fe327cb7fa}</UniqueIdentifier>
    </Filter>
    <Filter Include="Source Files\Game">
      <UniqueIdentifier>{6877932f-db22-43fb-a77f-f54c465c1ac2}</UniqueIdentifier>
    </Filter>
    <Filter Include="Source Files\Engine\Core">
      <UniqueIdentifier>{3b8a5ea1-ff8d-48fb-ac8e-260833b62df6}</UniqueIdentifier>
    </Filter>
    <Filter Include="Source Files\Engine\Input">
      <UniqueIdentifier>{b5f50c75-f442-40f4-976a-eed06e692d75}</UniqueIdentifier>
    </Filter>
    <Filter Include="Source Files\Engine\Scene">
      <UniqueIdentifier>{1c8dbdb2-d943-4eb6-9809-a8400afb0afa}</UniqueIdentifier>
    </Filter>
    <Filter Include="Source Files\Game\Scenes">
      <UniqueIdentifier>{dca3b3de-d85f-47d5-b962-053abb3df372}</UniqueIdentifier>
    </Filter>
    <Filter Include="Source Files\Engine\Utility">
      <UniqueIdentifier>{4afd1e78-9451-451c-8d48-45e69995cc8b}</UniqueIdentifier>
    </Filter>
    <Filter Include="Source Files\Engine\Entity">
      <UniqueIdentifier>{c02dfcac-4767-4505-812c-82ee7b97a310}</UniqueIdentifier>
    </Filter>
    <Filter Include="Source Files\Engine\System">
      <UniqueIdentifier>{6e0892fd-0653-4833-b4a5-5c2df2612917}</UniqueIdentifier>
    </Filter>
    <Filter Include="Source Files\Engine\Component">
      <UniqueIdentifier>{ba83ee0a-92a7-4e25-abc9-73c0d234052b}</UniqueIdentifier>
    </Filter>
    <Filter Include="Source Files\Engine\Graphics">
      <UniqueIdentifier>{049870bf-8f73-40b1-a12a-ec0596e1c09f}</UniqueIdentifier>
    </Filter>
    <Filter Include="Source Files\Engine\Graphics\Renderer">
      <UniqueIdentifier>{df19e2bd-2f79-4691-8141-53a5d997f007}</UniqueIdentifier>
    </Filter>
    <Filter Include="Source Files\Engine\Graphics\Texture">
      <UniqueIdentifier>{5570d5aa-561f-4073-8296-c5349ed6d593}</UniqueIdentifier>
    </Filter>
    <Filter Include="Resource Files\Shaders">
      <UniqueIdentifier>{5a42afa6-bd78-434a-89a0-d818a7c0eb7a}</UniqueIdentifier>
    </Filter>
    <Filter Include="Source Files\Editors">
      <UniqueIdentifier>{4d713b41-4400-46a7-8a44-263cedb10ff1}</UniqueIdentifier>
    </Filter>
    <Filter Include="Resource Files\Tilemaps">
      <UniqueIdentifier>{368d021e-c63c-42cc-98e3-79ba56128233}</UniqueIdentifier>
    </Filter>
    <Filter Include="Source Files\Engine\Resources">
      <UniqueIdentifier>{88fa133f-8b12-4c3a-946f-acbc5b591cbc}</UniqueIdentifier>
    </Filter>
    <Filter Include="Source Files\Engine\Collision">
      <UniqueIdentifier>{0843c194-68ae-4273-941b-f6476b2ac84c}</UniqueIdentifier>
    </Filter>
    <Filter Include="Source Files\Engine\Physics">
      <UniqueIdentifier>{11e5737d-77ca-4546-8e0b-d0fc2a0bef34}</UniqueIdentifier>
    </Filter>
    <Filter Include="Source Files\Engine\Audio">
      <UniqueIdentifier>{9186fa71-98e6-43bc-9a35-55b5723106b8}</UniqueIdentifier>
    </Filter>
    <Filter Include="Source Files\Engine\VFX">
      <UniqueIdentifier>{90d65e7f-8f26-4f00-ad8d-d9529f769d57}</UniqueIdentifier>
    </Filter>
    <Filter Include="Source Files\Engine\GUI">
      <UniqueIdentifier>{7392b81f-9ed9-45ad-b5cd-d32883399f9f}</UniqueIdentifier>
    </Filter>
    <Filter Include="Source Files\Engine\UI">
      <UniqueIdentifier>{22c98396-1791-4d3c-be0c-1a4429a9e898}</UniqueIdentifier>
    </Filter>
    <Filter Include="Source Files\Engine\OS">
      <UniqueIdentifier>{ea1febe1-a023-494c-800e-eb4ec07e9cca}</UniqueIdentifier>
    </Filter>
    <Filter Include="Source Files\Engine\Math">
      <UniqueIdentifier>{e3c91388-e5ba-4966-b42b-909efa16882a}</UniqueIdentifier>
    </Filter>
    <Filter Include="Source Files\Engine\Graphics\Lights">
      <UniqueIdentifier>{c5558f51-b19b-41f8-be8e-dcd4481494c1}</UniqueIdentifier>
    </Filter>
    <Filter Include="Source Files\Engine\Platform">
      <UniqueIdentifier>{18fcb281-211f-44a7-8bfa-2bc70beda21f}</UniqueIdentifier>
    </Filter>
    <Filter Include="Source Files\Engine\GUI\ImGui">
      <UniqueIdentifier>{54231c45-6388-43c7-895c-809bc40960ae}</UniqueIdentifier>
    </Filter>
    <Filter Include="Source Files\Engine\Graphics\Font">
      <UniqueIdentifier>{27b4506f-f008-4e94-bc61-79aadd7abf7e}</UniqueIdentifier>
    </Filter>
    <Filter Include="Source Files\Engine\Tiling">
      <UniqueIdentifier>{b28e2743-e1d2-48b6-a47a-d66771c0e0e0}</UniqueIdentifier>
    </Filter>
    <Filter Include="Source Files\Engine\Debug Draw">
      <UniqueIdentifier>{ee0de8be-b513-489e-bbd4-28ad3d92e458}</UniqueIdentifier>
    </Filter>
  </ItemGroup>
  <ItemGroup>
    <ClCompile Include="Main.cpp">
      <Filter>Source Files</Filter>
    </ClCompile>
    <ClCompile Include="Timer.cpp">
      <Filter>Source Files\Engine\Core</Filter>
    </ClCompile>
    <ClCompile Include="Engine.cpp">
      <Filter>Source Files\Engine\Core</Filter>
    </ClCompile>
    <ClCompile Include="Logger.cpp">
      <Filter>Source Files\Engine\Core</Filter>
    </ClCompile>
    <ClCompile Include="InputManager.cpp">
      <Filter>Source Files\Engine\Input</Filter>
    </ClCompile>
    <ClCompile Include="GameObject.h">
      <Filter>Source Files\Engine\Scene</Filter>
    </ClCompile>
    <ClCompile Include="Window.cpp">
      <Filter>Source Files\Engine\Core</Filter>
    </ClCompile>
    <ClCompile Include="SceneManager.cpp">
      <Filter>Source Files\Engine\Scene</Filter>
    </ClCompile>
    <ClCompile Include="Scene.cpp">
      <Filter>Source Files\Engine\Scene</Filter>
    </ClCompile>
    <ClCompile Include="TextureLoader.cpp">
      <Filter>Source Files\Engine\Graphics\Texture</Filter>
    </ClCompile>
    <ClCompile Include="Texture2D.cpp">
      <Filter>Source Files\Engine\Graphics\Texture</Filter>
    </ClCompile>
    <ClCompile Include="VertexBufferLayout.cpp">
      <Filter>Source Files\Engine\Graphics\Renderer</Filter>
    </ClCompile>
    <ClCompile Include="VertexBufferElement.cpp">
      <Filter>Source Files\Engine\Graphics\Renderer</Filter>
    </ClCompile>
    <ClCompile Include="VertexArray.cpp">
      <Filter>Source Files\Engine\Graphics\Renderer</Filter>
    </ClCompile>
    <ClCompile Include="IndexBuffer.cpp">
      <Filter>Source Files\Engine\Graphics\Renderer</Filter>
    </ClCompile>
    <ClCompile Include="VertexBuffer.cpp">
      <Filter>Source Files\Engine\Graphics\Renderer</Filter>
    </ClCompile>
    <ClCompile Include="TileMapEditor.cpp">
      <Filter>Source Files\Editors</Filter>
    </ClCompile>
    <ClCompile Include="FileIO.cpp">
      <Filter>Source Files\Engine\Resources</Filter>
    </ClCompile>
    <ClCompile Include="SpritesheetScene.cpp">
      <Filter>Source Files\Game\Scenes</Filter>
    </ClCompile>
    <ClCompile Include="SpriteBatch.cpp">
      <Filter>Source Files\Engine\Graphics\Renderer</Filter>
    </ClCompile>
    <ClCompile Include="Renderer.cpp">
      <Filter>Source Files\Engine\Graphics\Renderer</Filter>
    </ClCompile>
    <ClCompile Include="SpritesheetLoader.cpp">
      <Filter>Source Files\Engine\Graphics\Renderer</Filter>
    </ClCompile>
    <ClCompile Include="AnimationScene.cpp">
      <Filter>Source Files\Game\Scenes</Filter>
    </ClCompile>
    <ClCompile Include="ParticlesScene.cpp">
      <Filter>Source Files\Game\Scenes</Filter>
    </ClCompile>
    <ClCompile Include="Random.cpp">
      <Filter>Source Files\Engine\Utility</Filter>
    </ClCompile>
    <ClCompile Include="ParticleSystem.cpp">
      <Filter>Source Files\Engine\VFX</Filter>
    </ClCompile>
    <ClCompile Include="Menu.cpp">
      <Filter>Source Files\Game\Scenes</Filter>
    </ClCompile>
  </ItemGroup>
  <ItemGroup>
    <ClInclude Include="Timer.h">
      <Filter>Source Files\Engine\Core</Filter>
    </ClInclude>
    <ClInclude Include="Engine.h">
      <Filter>Source Files\Engine\Core</Filter>
    </ClInclude>
    <ClInclude Include="Logger.h">
      <Filter>Source Files\Engine\Core</Filter>
    </ClInclude>
    <ClInclude Include="InputManager.h">
      <Filter>Source Files\Engine\Input</Filter>
    </ClInclude>
    <ClInclude Include="SceneManager.h">
      <Filter>Source Files\Engine\Scene</Filter>
    </ClInclude>
    <ClInclude Include="Window.h">
      <Filter>Source Files\Engine\Core</Filter>
    </ClInclude>
    <ClInclude Include="Scene.h">
      <Filter>Source Files\Engine\Scene</Filter>
    </ClInclude>
    <ClInclude Include="Random.h">
      <Filter>Source Files\Engine\Utility</Filter>
    </ClInclude>
    <ClInclude Include="Defines.h">
      <Filter>Source Files\Engine\Utility</Filter>
    </ClInclude>
    <ClInclude Include="Component.h">
      <Filter>Source Files\Engine\Component</Filter>
    </ClInclude>
    <ClInclude Include="TransformComponent.h">
      <Filter>Source Files\Engine\Component</Filter>
    </ClInclude>
    <ClInclude Include="TextureComponent.h">
      <Filter>Source Files\Engine\Component</Filter>
    </ClInclude>
    <ClInclude Include="SpriteRendererComponent.h">
      <Filter>Source Files\Engine\Component</Filter>
    </ClInclude>
    <ClInclude Include="Color.h">
      <Filter>Source Files\Engine\Utility</Filter>
    </ClInclude>
    <ClInclude Include="OrthographicCameraComponent.h">
      <Filter>Source Files\Engine\Component</Filter>
    </ClInclude>
    <ClInclude Include="TextureLoader.h">
      <Filter>Source Files\Engine\Graphics\Texture</Filter>
    </ClInclude>
    <ClInclude Include="Texture2D.h">
      <Filter>Source Files\Engine\Graphics\Texture</Filter>
    </ClInclude>
    <ClInclude Include="Shader.h">
      <Filter>Source Files\Engine\Graphics\Renderer</Filter>
    </ClInclude>
    <ClInclude Include="VertexBufferLayout.h">
      <Filter>Source Files\Engine\Graphics\Renderer</Filter>
    </ClInclude>
    <ClInclude Include="VertexBufferElement.h">
      <Filter>Source Files\Engine\Graphics\Renderer</Filter>
    </ClInclude>
    <ClInclude Include="VertexArray.h">
      <Filter>Source Files\Engine\Graphics\Renderer</Filter>
    </ClInclude>
    <ClInclude Include="IndexBuffer.h">
      <Filter>Source Files\Engine\Graphics\Renderer</Filter>
    </ClInclude>
    <ClInclude Include="VertexBuffer.h">
      <Filter>Source Files\Engine\Graphics\Renderer</Filter>
    </ClInclude>
    <ClInclude Include="FileIO.h">
      <Filter>Source Files\Engine\Resources</Filter>
    </ClInclude>
    <ClInclude Include="SpritesheetScene.h">
      <Filter>Source Files\Game\Scenes</Filter>
    </ClInclude>
    <ClInclude Include="SpriteBatch.h">
      <Filter>Source Files\Engine\Graphics\Renderer</Filter>
    </ClInclude>
    <ClInclude Include="Renderer.h">
      <Filter>Source Files\Engine\Graphics\Renderer</Filter>
    </ClInclude>
    <ClInclude Include="SpritsheetLoader.h">
      <Filter>Source Files\Engine\Graphics\Renderer</Filter>
    </ClInclude>
    <ClInclude Include="AnimationScene.h">
      <Filter>Source Files\Game\Scenes</Filter>
    </ClInclude>
    <ClInclude Include="ParticlesScene.h">
      <Filter>Source Files\Game\Scenes</Filter>
    </ClInclude>
    <ClInclude Include="ParticleSystem.h">
      <Filter>Source Files\Engine\VFX</Filter>
    </ClInclude>
    <ClInclude Include="Tilesystem.h">
      <Filter>Source Files\Engine\Tiling</Filter>
    </ClInclude>
    <ClInclude Include="DebugDraw.h">
      <Filter>Source Files\Engine\Debug Draw</Filter>
    </ClInclude>
    <ClInclude Include="FontSystem.h">
      <Filter>Source Files\Engine\Graphics\Font</Filter>
    </ClInclude>
    <ClInclude Include="Menu.h">
      <Filter>Source Files\Game\Scenes</Filter>
    </ClInclude>
  </ItemGroup>
  <ItemGroup>
    <Text Include="changeLog.txt" />
    <Text Include="Map0.txt">
      <Filter>Resource Files\Tilemaps</Filter>
    </Text>
  </ItemGroup>
  <ItemGroup>
    <None Include="vertex_shader.glsl">
      <Filter>Resource Files\Shaders</Filter>
    </None>
    <None Include="fragment_shader.glsl">
      <Filter>Resource Files\Shaders</Filter>
    </None>
  </ItemGroup>
</Project>